
Microsoft Visual Studio Solution File, Format Version 12.00
# Visual Studio 2013
VisualStudioVersion = 12.0.31101.0
MinimumVisualStudioVersion = 10.0.40219.1
Project("{FAE04EC0-301F-11D3-BF4B-00C04F79EFBC}") = "S3ToRedshift", "S3ToRedshift\S3ToRedshift.csproj", "{358E22A8-CD27-4D3B-BB76-A5D996E9C8F0}"
EndProject
Global
	GlobalSection(SolutionConfigurationPlatforms) = preSolution
		Debug|Any CPU = Debug|Any CPU
		Release|Any CPU = Release|Any CPU
	EndGlobalSection
	GlobalSection(ProjectConfigurationPlatforms) = postSolution
		{358E22A8-CD27-4D3B-BB76-A5D996E9C8F0}.Debug|Any CPU.ActiveCfg = Debug|Any CPU
		{358E22A8-CD27-4D3B-BB76-A5D996E9C8F0}.Debug|Any CPU.Build.0 = Debug|Any CPU
		{358E22A8-CD27-4D3B-BB76-A5D996E9C8F0}.Release|Any CPU.ActiveCfg = Release|Any CPU
		{358E22A8-CD27-4D3B-BB76-A5D996E9C8F0}.Release|Any CPU.Build.0 = Release|Any CPU
	EndGlobalSection
	GlobalSection(SolutionProperties) = preSolution
		HideSolutionNode = FALSE
	EndGlobalSection
EndGlobal
